
Microsoft Visual Studio Solution File, Format Version 12.00
Project("{FAE04EC0-301F-11D3-BF4B-00C04F79EFBC}") = "CSharp10Features", "CSharp10Features.csproj", "{DE4DB4B4-5C51-415D-98C1-E76DDC6EB465}"
EndProject
Global
	GlobalSection(SolutionConfigurationPlatforms) = preSolution
		Debug|Any CPU = Debug|Any CPU
		Release|Any CPU = Release|Any CPU
	EndGlobalSection
	GlobalSection(ProjectConfigurationPlatforms) = postSolution
		{DE4DB4B4-5C51-415D-98C1-E76DDC6EB465}.Debug|Any CPU.ActiveCfg = Debug|Any CPU
		{DE4DB4B4-5C51-415D-98C1-E76DDC6EB465}.Debug|Any CPU.Build.0 = Debug|Any CPU
		{DE4DB4B4-5C51-415D-98C1-E76DDC6EB465}.Release|Any CPU.ActiveCfg = Release|Any CPU
		{DE4DB4B4-5C51-415D-98C1-E76DDC6EB465}.Release|Any CPU.Build.0 = Release|Any CPU
	EndGlobalSection
EndGlobal
